
Microsoft Visual Studio Solution File, Format Version 12.00
# Visual Studio Version 17
VisualStudioVersion = 17.8.34525.116
MinimumVisualStudioVersion = 10.0.40219.1
Project("{FAE04EC0-301F-11D3-BF4B-00C04F79EFBC}") = "MVC-Front-To-Back", "MVC-Front-To-Back\MVC-Front-To-Back.csproj", "{DA39E5BF-55D4-4475-9B69-DD017553CF97}"
EndProject
Global
	GlobalSection(SolutionConfigurationPlatforms) = preSolution
		Debug|Any CPU = Debug|Any CPU
		Release|Any CPU = Release|Any CPU
	EndGlobalSection
	GlobalSection(ProjectConfigurationPlatforms) = postSolution
		{DA39E5BF-55D4-4475-9B69-DD017553CF97}.Debug|Any CPU.ActiveCfg = Debug|Any CPU
		{DA39E5BF-55D4-4475-9B69-DD017553CF97}.Debug|Any CPU.Build.0 = Debug|Any CPU
		{DA39E5BF-55D4-4475-9B69-DD017553CF97}.Release|Any CPU.ActiveCfg = Release|Any CPU
		{DA39E5BF-55D4-4475-9B69-DD017553CF97}.Release|Any CPU.Build.0 = Release|Any CPU
	EndGlobalSection
	GlobalSection(SolutionProperties) = preSolution
		HideSolutionNode = FALSE
	EndGlobalSection
	GlobalSection(ExtensibilityGlobals) = postSolution
		SolutionGuid = {5E8BB78D-3B33-4FE3-8816-7AA84D6D7000}
	EndGlobalSection
EndGlobal
